
Microsoft Visual Studio Solution File, Format Version 12.00
# Visual Studio Version 17
VisualStudioVersion = 17.0.31903.59
MinimumVisualStudioVersion = 10.0.40219.1
Project("{2150E333-8FDC-42A3-9474-1A3956D46DE8}") = "CombinatorialExercises", "CombinatorialExercises", "{56C2962B-8DD6-7064-8377-8E0E201CABB7}"
EndProject
Project("{FAE04EC0-301F-11D3-BF4B-00C04F79EFBC}") = "Combinatoires", "CombinatorialExercises\Combinatoires.csproj", "{0FA3AB04-6129-4DA0-BDDA-C1C9E4538312}"
EndProject
Project("{FAE04EC0-301F-11D3-BF4B-00C04F79EFBC}") = "Combinatorial.Test", "Combinatorial.Test\Combinatorial.Test.csproj", "{EBD9F798-037B-4833-B63D-B414DC09B665}"
EndProject
Global
	GlobalSection(SolutionConfigurationPlatforms) = preSolution
		Debug|Any CPU = Debug|Any CPU
		Debug|x64 = Debug|x64
		Debug|x86 = Debug|x86
		Release|Any CPU = Release|Any CPU
		Release|x64 = Release|x64
		Release|x86 = Release|x86
	EndGlobalSection
	GlobalSection(ProjectConfigurationPlatforms) = postSolution
		{0FA3AB04-6129-4DA0-BDDA-C1C9E4538312}.Debug|Any CPU.ActiveCfg = Debug|Any CPU
		{0FA3AB04-6129-4DA0-BDDA-C1C9E4538312}.Debug|Any CPU.Build.0 = Debug|Any CPU
		{0FA3AB04-6129-4DA0-BDDA-C1C9E4538312}.Debug|x64.ActiveCfg = Debug|Any CPU
		{0FA3AB04-6129-4DA0-BDDA-C1C9E4538312}.Debug|x64.Build.0 = Debug|Any CPU
		{0FA3AB04-6129-4DA0-BDDA-C1C9E4538312}.Debug|x86.ActiveCfg = Debug|Any CPU
		{0FA3AB04-6129-4DA0-BDDA-C1C9E4538312}.Debug|x86.Build.0 = Debug|Any CPU
		{0FA3AB04-6129-4DA0-BDDA-C1C9E4538312}.Release|Any CPU.ActiveCfg = Release|Any CPU
		{0FA3AB04-6129-4DA0-BDDA-C1C9E4538312}.Release|Any CPU.Build.0 = Release|Any CPU
		{0FA3AB04-6129-4DA0-BDDA-C1C9E4538312}.Release|x64.ActiveCfg = Release|Any CPU
		{0FA3AB04-6129-4DA0-BDDA-C1C9E4538312}.Release|x64.Build.0 = Release|Any CPU
		{0FA3AB04-6129-4DA0-BDDA-C1C9E4538312}.Release|x86.ActiveCfg = Release|Any CPU
		{0FA3AB04-6129-4DA0-BDDA-C1C9E4538312}.Release|x86.Build.0 = Release|Any CPU
		{EBD9F798-037B-4833-B63D-B414DC09B665}.Debug|Any CPU.ActiveCfg = Debug|Any CPU
		{EBD9F798-037B-4833-B63D-B414DC09B665}.Debug|Any CPU.Build.0 = Debug|Any CPU
		{EBD9F798-037B-4833-B63D-B414DC09B665}.Debug|x64.ActiveCfg = Debug|Any CPU
		{EBD9F798-037B-4833-B63D-B414DC09B665}.Debug|x64.Build.0 = Debug|Any CPU
		{EBD9F798-037B-4833-B63D-B414DC09B665}.Debug|x86.ActiveCfg = Debug|Any CPU
		{EBD9F798-037B-4833-B63D-B414DC09B665}.Debug|x86.Build.0 = Debug|Any CPU
		{EBD9F798-037B-4833-B63D-B414DC09B665}.Release|Any CPU.ActiveCfg = Release|Any CPU
		{EBD9F798-037B-4833-B63D-B414DC09B665}.Release|Any CPU.Build.0 = Release|Any CPU
		{EBD9F798-037B-4833-B63D-B414DC09B665}.Release|x64.ActiveCfg = Release|Any CPU
		{EBD9F798-037B-4833-B63D-B414DC09B665}.Release|x64.Build.0 = Release|Any CPU
		{EBD9F798-037B-4833-B63D-B414DC09B665}.Release|x86.ActiveCfg = Release|Any CPU
		{EBD9F798-037B-4833-B63D-B414DC09B665}.Release|x86.Build.0 = Release|Any CPU
	EndGlobalSection
	GlobalSection(SolutionProperties) = preSolution
		HideSolutionNode = FALSE
	EndGlobalSection
	GlobalSection(NestedProjects) = preSolution
		{0FA3AB04-6129-4DA0-BDDA-C1C9E4538312} = {56C2962B-8DD6-7064-8377-8E0E201CABB7}
	EndGlobalSection
EndGlobal
